
Microsoft Visual Studio Solution File, Format Version 12.00
# Visual Studio 15
VisualStudioVersion = 15.0.28307.539
MinimumVisualStudioVersion = 10.0.40219.1
Project("{FAE04EC0-301F-11D3-BF4B-00C04F79EFBC}") = "csharp-gomoku", "csharp-gomoku.csproj", "{D8251F81-97D9-4623-A21C-27740578621C}"
EndProject
Global
	GlobalSection(SolutionConfigurationPlatforms) = preSolution
		Debug|Any CPU = Debug|Any CPU
		Release|Any CPU = Release|Any CPU
	EndGlobalSection
	GlobalSection(ProjectConfigurationPlatforms) = postSolution
		{D8251F81-97D9-4623-A21C-27740578621C}.Debug|Any CPU.ActiveCfg = Debug|Any CPU
		{D8251F81-97D9-4623-A21C-27740578621C}.Debug|Any CPU.Build.0 = Debug|Any CPU
		{D8251F81-97D9-4623-A21C-27740578621C}.Release|Any CPU.ActiveCfg = Release|Any CPU
		{D8251F81-97D9-4623-A21C-27740578621C}.Release|Any CPU.Build.0 = Release|Any CPU
	EndGlobalSection
	GlobalSection(SolutionProperties) = preSolution
		HideSolutionNode = FALSE
	EndGlobalSection
	GlobalSection(ExtensibilityGlobals) = postSolution
		SolutionGuid = {18FCC34D-4151-4425-9E6B-BF9852CB565E}
	EndGlobalSection
EndGlobal
